// !$*UTF8*$!
{
	archiveVersion = 1;
	classes = {
	};
	objectVersion = 46;
	objects = {

/* Begin PBXBuildFile section */
		7BAEDB1D1C63E50500E4F12D /* AppDelegate.swift in Sources */ = {isa = PBXBuildFile; fileRef = 7BAEDB1C1C63E50500E4F12D /* AppDelegate.swift */; };
		7BAEDB1F1C63E50500E4F12D /* ViewController.swift in Sources */ = {isa = PBXBuildFile; fileRef = 7BAEDB1E1C63E50500E4F12D /* ViewController.swift */; };
		7BAEDB221C63E50500E4F12D /* Main.storyboard in Resources */ = {isa = PBXBuildFile; fileRef = 7BAEDB201C63E50500E4F12D /* Main.storyboard */; };
		7BAEDB241C63E50500E4F12D /* Assets.xcassets in Resources */ = {isa = PBXBuildFile; fileRef = 7BAEDB231C63E50500E4F12D /* Assets.xcassets */; };
		7BAEDB271C63E50500E4F12D /* LaunchScreen.storyboard in Resources */ = {isa = PBXBuildFile; fileRef = 7BAEDB251C63E50500E4F12D /* LaunchScreen.storyboard */; };
		7BCE425B1C67959200F6A0C5 /* DragImg.swift in Sources */ = {isa = PBXBuildFile; fileRef = 7BCE425A1C67959200F6A0C5 /* DragImg.swift */; };
		7BCE425D1C67995D00F6A0C5 /* MonsterImg.swift in Sources */ = {isa = PBXBuildFile; fileRef = 7BCE425C1C67995D00F6A0C5 /* MonsterImg.swift */; };
		7BCE42631C67B57400F6A0C5 /* bite.wav in Resources */ = {isa = PBXBuildFile; fileRef = 7BCE425E1C67B57400F6A0C5 /* bite.wav */; };
		7BCE42641C67B57400F6A0C5 /* cave-music.mp3 in Resources */ = {isa = PBXBuildFile; fileRef = 7BCE425F1C67B57400F6A0C5 /* cave-music.mp3 */; };
		7BCE42651C67B57400F6A0C5 /* death.wav in Resources */ = {isa = PBXBuildFile; fileRef = 7BCE42601C67B57400F6A0C5 /* death.wav */; };
		7BCE42661C67B57400F6A0C5 /* heart.wav in Resources */ = {isa = PBXBuildFile; fileRef = 7BCE42611C67B57400F6A0C5 /* heart.wav */; };
		7BCE42671C67B57400F6A0C5 /* skull.wav in Resources */ = {isa = PBXBuildFile; fileRef = 7BCE42621C67B57400F6A0C5 /* skull.wav */; };
		7BCE42691C67CF6900F6A0C5 /* CharacterPicker.swift in Sources */ = {isa = PBXBuildFile; fileRef = 7BCE42681C67CF6900F6A0C5 /* CharacterPicker.swift */; };
		7BCE426B1C67D0D900F6A0C5 /* DabarImg.swift in Sources */ = {isa = PBXBuildFile; fileRef = 7BCE426A1C67D0D900F6A0C5 /* DabarImg.swift */; };
		7BCE426D1C67D40600F6A0C5 /* Character.swift in Sources */ = {isa = PBXBuildFile; fileRef = 7BCE426C1C67D40600F6A0C5 /* Character.swift */; };
/* End PBXBuildFile section */

/* Begin PBXFileReference section */
		7BAEDB191C63E50500E4F12D /* mylittlemonster.app */ = {isa = PBXFileReference; explicitFileType = wrapper.application; includeInIndex = 0; path = mylittlemonster.app; sourceTree = BUILT_PRODUCTS_DIR; };
		7BAEDB1C1C63E50500E4F12D /* AppDelegate.swift */ = {isa = PBXFileReference; lastKnownFileType = sourcecode.swift; path = AppDelegate.swift; sourceTree = "<group>"; };
		7BAEDB1E1C63E50500E4F12D /* ViewController.swift */ = {isa = PBXFileReference; lastKnownFileType = sourcecode.swift; path = ViewController.swift; sourceTree = "<group>"; };
		7BAEDB211C63E50500E4F12D /* Base */ = {isa = PBXFileReference; lastKnownFileType = file.storyboard; name = Base; path = Base.lproj/Main.storyboard; sourceTree = "<group>"; };
		7BAEDB231C63E50500E4F12D /* Assets.xcassets */ = {isa = PBXFileReference; lastKnownFileType = folder.assetcatalog; path = Assets.xcassets; sourceTree = "<group>"; };
		7BAEDB261C63E50500E4F12D /* Base */ = {isa = PBXFileReference; lastKnownFileType = file.storyboard; name = Base; path = Base.lproj/LaunchScreen.storyboard; sourceTree = "<group>"; };
		7BAEDB281C63E50500E4F12D /* Info.plist */ = {isa = PBXFileReference; lastKnownFileType = text.plist.xml; path = Info.plist; sourceTree = "<group>"; };
		7BCE425A1C67959200F6A0C5 /* DragImg.swift */ = {isa = PBXFileReference; fileEncoding = 4; lastKnownFileType = sourcecode.swift; path = DragImg.swift; sourceTree = "<group>"; };
		7BCE425C1C67995D00F6A0C5 /* MonsterImg.swift */ = {isa = PBXFileReference; fileEncoding = 4; lastKnownFileType = sourcecode.swift; path = MonsterImg.swift; sourceTree = "<group>"; };
		7BCE425E1C67B57400F6A0C5 /* bite.wav */ = {isa = PBXFileReference; lastKnownFileType = audio.wav; path = bite.wav; sourceTree = "<group>"; };
		7BCE425F1C67B57400F6A0C5 /* cave-music.mp3 */ = {isa = PBXFileReference; lastKnownFileType = audio.mp3; path = "cave-music.mp3"; sourceTree = "<group>"; };
		7BCE42601C67B57400F6A0C5 /* death.wav */ = {isa = PBXFileReference; lastKnownFileType = audio.wav; path = death.wav; sourceTree = "<group>"; };
		7BCE42611C67B57400F6A0C5 /* heart.wav */ = {isa = PBXFileReference; lastKnownFileType = audio.wav; path = heart.wav; sourceTree = "<group>"; };
		7BCE42621C67B57400F6A0C5 /* skull.wav */ = {isa = PBXFileReference; lastKnownFileType = audio.wav; path = skull.wav; sourceTree = "<group>"; };
		7BCE42681C67CF6900F6A0C5 /* CharacterPicker.swift */ = {isa = PBXFileReference; fileEncoding = 4; lastKnownFileType = sourcecode.swift; path = CharacterPicker.swift; sourceTree = "<group>"; };
		7BCE426A1C67D0D900F6A0C5 /* DabarImg.swift */ = {isa = PBXFileReference; fileEncoding = 4; lastKnownFileType = sourcecode.swift; path = DabarImg.swift; sourceTree = "<group>"; };
		7BCE426C1C67D40600F6A0C5 /* Character.swift */ = {isa = PBXFileReference; fileEncoding = 4; lastKnownFileType = sourcecode.swift; path = Character.swift; sourceTree = "<group>"; };
/* End PBXFileReference section */

/* Begin PBXFrameworksBuildPhase section */
		7BAEDB161C63E50500E4F12D /* Frameworks */ = {
			isa = PBXFrameworksBuildPhase;
			buildActionMask = 2147483647;
			files = (
			);
			runOnlyForDeploymentPostprocessing = 0;
		};
/* End PBXFrameworksBuildPhase section */

/* Begin PBXGroup section */
		7BAEDB101C63E50400E4F12D = {
			isa = PBXGroup;
			children = (
				7BAEDB1B1C63E50500E4F12D /* mylittlemonster */,
				7BCE425E1C67B57400F6A0C5 /* bite.wav */,
				7BCE425F1C67B57400F6A0C5 /* cave-music.mp3 */,
				7BCE42601C67B57400F6A0C5 /* death.wav */,
				7BCE42611C67B57400F6A0C5 /* heart.wav */,
				7BCE42621C67B57400F6A0C5 /* skull.wav */,
				7BAEDB1A1C63E50500E4F12D /* Products */,
			);
			sourceTree = "<group>";
		};
		7BAEDB1A1C63E50500E4F12D /* Products */ = {
			isa = PBXGroup;
			children = (
				7BAEDB191C63E50500E4F12D /* mylittlemonster.app */,
			);
			name = Products;
			sourceTree = "<group>";
		};
		7BAEDB1B1C63E50500E4F12D /* mylittlemonster */ = {
			isa = PBXGroup;
			children = (
				7BAEDB1C1C63E50500E4F12D /* AppDelegate.swift */,
				7BAEDB1E1C63E50500E4F12D /* ViewController.swift */,
				7BAEDB201C63E50500E4F12D /* Main.storyboard */,
				7BCE42681C67CF6900F6A0C5 /* CharacterPicker.swift */,
				7BAEDB231C63E50500E4F12D /* Assets.xcassets */,
				7BAEDB251C63E50500E4F12D /* LaunchScreen.storyboard */,
				7BAEDB281C63E50500E4F12D /* Info.plist */,
				7BCE425A1C67959200F6A0C5 /* DragImg.swift */,
				7BCE425C1C67995D00F6A0C5 /* MonsterImg.swift */,
				7BCE426A1C67D0D900F6A0C5 /* DabarImg.swift */,
				7BCE426C1C67D40600F6A0C5 /* Character.swift */,
			);
			path = mylittlemonster;
			sourceTree = "<group>";
		};
/* End PBXGroup section */

/* Begin PBXNativeTarget section */
		7BAEDB181C63E50500E4F12D /* mylittlemonster */ = {
			isa = PBXNativeTarget;
			buildConfigurationList = 7BAEDB2B1C63E50500E4F12D /* Build configuration list for PBXNativeTarget "mylittlemonster" */;
			buildPhases = (
				7BAEDB151C63E50500E4F12D /* Sources */,
				7BAEDB161C63E50500E4F12D /* Frameworks */,
				7BAEDB171C63E50500E4F12D /* Resources */,
			);
			buildRules = (
			);
			dependencies = (
			);
			name = mylittlemonster;
			productName = mylittlemonster;
			productReference = 7BAEDB191C63E50500E4F12D /* mylittlemonster.app */;
			productType = "com.apple.product-type.application";
		};
/* End PBXNativeTarget section */

/* Begin PBXProject section */
		7BAEDB111C63E50400E4F12D /* Project object */ = {
			isa = PBXProject;
			attributes = {
				LastSwiftUpdateCheck = 0720;
				LastUpgradeCheck = 0720;
				ORGANIZATIONNAME = "Irina Smokvarska";
				TargetAttributes = {
					7BAEDB181C63E50500E4F12D = {
						CreatedOnToolsVersion = 7.2;
					};
				};
			};
			buildConfigurationList = 7BAEDB141C63E50400E4F12D /* Build configuration list for PBXProject "mylittlemonster" */;
			compatibilityVersion = "Xcode 3.2";
			developmentRegion = English;
			hasScannedForEncodings = 0;
			knownRegions = (
				en,
				Base,
			);
			mainGroup = 7BAEDB101C63E50400E4F12D;
			productRefGroup = 7BAEDB1A1C63E50500E4F12D /* Products */;
			projectDirPath = "";
			projectRoot = "";
			targets = (
				7BAEDB181C63E50500E4F12D /* mylittlemonster */,
			);
		};
/* End PBXProject section */

/* Begin PBXResourcesBuildPhase section */
		7BAEDB171C63E50500E4F12D /* Resources */ = {
			isa = PBXResourcesBuildPhase;
			buildActionMask = 2147483647;
			files = (
				7BCE42671C67B57400F6A0C5 /* skull.wav in Resources */,
				7BCE42631C67B57400F6A0C5 /* bite.wav in Resources */,
				7BCE42651C67B57400F6A0C5 /* death.wav in Resources */,
				7BCE42661C67B57400F6A0C5 /* heart.wav in Resources */,
				7BCE42641C67B57400F6A0C5 /* cave-music.mp3 in Resources */,
				7BAEDB271C63E50500E4F12D /* LaunchScreen.storyboard in Resources */,
				7BAEDB241C63E50500E4F12D /* Assets.xcassets in Resources */,
				7BAEDB221C63E50500E4F12D /* Main.storyboard in Resources */,
			);
			runOnlyForDeploymentPostprocessing = 0;
		};
/* End PBXResourcesBuildPhase section */

/* Begin PBXSourcesBuildPhase section */
		7BAEDB151C63E50500E4F12D /* Sources */ = {
			isa = PBXSourcesBuildPhase;
			buildActionMask = 2147483647;
			files = (
				7BCE425D1C67995D00F6A0C5 /* MonsterImg.swift in Sources */,
				7BCE42691C67CF6900F6A0C5 /* CharacterPicker.swift in Sources */,
				7BCE426D1C67D40600F6A0C5 /* Character.swift in Sources */,
				7BCE426B1C67D0D900F6A0C5 /* DabarImg.swift in Sources */,
				7BCE425B1C67959200F6A0C5 /* DragImg.swift in Sources */,
				7BAEDB1F1C63E50500E4F12D /* ViewController.swift in Sources */,
				7BAEDB1D1C63E50500E4F12D /* AppDelegate.swift in Sources */,
			);
			runOnlyForDeploymentPostprocessing = 0;
		};
/* End PBXSourcesBuildPhase section */

/* Begin PBXVariantGroup section */
		7BAEDB201C63E50500E4F12D /* Main.storyboard */ = {
			isa = PBXVariantGroup;
			children = (
				7BAEDB211C63E50500E4F12D /* Base */,
			);
			name = Main.storyboard;
			sourceTree = "<group>";
		};
		7BAEDB251C63E50500E4F12D /* LaunchScreen.storyboard */ = {
			isa = PBXVariantGroup;
			children = (
				7BAEDB261C63E50500E4F12D /* Base */,
			);
			name = LaunchScreen.storyboard;
			sourceTree = "<group>";
		};
/* End PBXVariantGroup section */

/* Begin XCBuildConfiguration section */
		7BAEDB291C63E50500E4F12D /* Debug */ = {
			isa = XCBuildConfiguration;
			buildSettings = {
				ALWAYS_SEARCH_USER_PATHS = NO;
				CLANG_CXX_LANGUAGE_STANDARD = "gnu++0x";
				CLANG_CXX_LIBRARY = "libc++";
				CLANG_ENABLE_MODULES = YES;
				CLANG_ENABLE_OBJC_ARC = YES;
				CLANG_WARN_BOOL_CONVERSION = YES;
				CLANG_WARN_CONSTANT_CONVERSION = YES;
				CLANG_WARN_DIRECT_OBJC_ISA_USAGE = YES_ERROR;
				CLANG_WARN_EMPTY_BODY = YES;
				CLANG_WARN_ENUM_CONVERSION = YES;
				CLANG_WARN_INT_CONVERSION = YES;
				CLANG_WARN_OBJC_ROOT_CLASS = YES_ERROR;
				CLANG_WARN_UNREACHABLE_CODE = YES;
				CLANG_WARN__DUPLICATE_METHOD_MATCH = YES;
				"CODE_SIGN_IDENTITY[sdk=iphoneos*]" = "iPhone Developer";
				COPY_PHASE_STRIP = NO;
				DEBUG_INFORMATION_FORMAT = dwarf;
				ENABLE_STRICT_OBJC_MSGSEND = YES;
				ENABLE_TESTABILITY = YES;
				GCC_C_LANGUAGE_STANDARD = gnu99;
				GCC_DYNAMIC_NO_PIC = NO;
				GCC_NO_COMMON_BLOCKS = YES;
				GCC_OPTIMIZATION_LEVEL = 0;
				GCC_PREPROCESSOR_DEFINITIONS = (
					"DEBUG=1",
					"$(inherited)",
				);
				GCC_WARN_64_TO_32_BIT_CONVERSION = YES;
				GCC_WARN_ABOUT_RETURN_TYPE = YES_ERROR;
				GCC_WARN_UNDECLARED_SELECTOR = YES;
				GCC_WARN_UNINITIALIZED_AUTOS = YES_AGGRESSIVE;
				GCC_WARN_UNUSED_FUNCTION = YES;
				GCC_WARN_UNUSED_VARIABLE = YES;
				IPHONEOS_DEPLOYMENT_TARGET = 9.2;
				MTL_ENABLE_DEBUG_INFO = YES;
				ONLY_ACTIVE_ARCH = YES;
				SDKROOT = iphoneos;
				SWIFT_OPTIMIZATION_LEVEL = "-Onone";
			};
			name = Debug;
		};
		7BAEDB2A1C63E50500E4F12D /* Release */ = {
			isa = XCBuildConfiguration;
			buildSettings = {
				ALWAYS_SEARCH_USER_PATHS = NO;
				CLANG_CXX_LANGUAGE_STANDARD = "gnu++0x";
				CLANG_CXX_LIBRARY = "libc++";
				CLANG_ENABLE_MODULES = YES;
				CLANG_ENABLE_OBJC_ARC = YES;
				CLANG_WARN_BOOL_CONVERSION = YES;
				CLANG_WARN_CONSTANT_CONVERSION = YES;
				CLANG_WARN_DIRECT_OBJC_ISA_USAGE = YES_ERROR;
				CLANG_WARN_EMPTY_BODY = YES;
				CLANG_WARN_ENUM_CONVERSION = YES;
				CLANG_WARN_INT_CONVERSION = YES;
				CLANG_WARN_OBJC_ROOT_CLASS = YES_ERROR;
				CLANG_WARN_UNREACHABLE_CODE = YES;
				CLANG_WARN__DUPLICATE_METHOD_MATCH = YES;
				"CODE_SIGN_IDENTITY[sdk=iphoneos*]" = "iPhone Developer";
				COPY_PHASE_STRIP = NO;
				DEBUG_INFORMATION_FORMAT = "dwarf-with-dsym";
				ENABLE_NS_ASSERTIONS = NO;
				ENABLE_STRICT_OBJC_MSGSEND = YES;
				GCC_C_LANGUAGE_STANDARD = gnu99;
				GCC_NO_COMMON_BLOCKS = YES;
				GCC_WARN_64_TO_32_BIT_CONVERSION = YES;
				GCC_WARN_ABOUT_RETURN_TYPE = YES_ERROR;
				GCC_WARN_UNDECLARED_SELECTOR = YES;
				GCC_WARN_UNINITIALIZED_AUTOS = YES_AGGRESSIVE;
				GCC_WARN_UNUSED_FUNCTION = YES;
				GCC_WARN_UNUSED_VARIABLE = YES;
				IPHONEOS_DEPLOYMENT_TARGET = 9.2;
				MTL_ENABLE_DEBUG_INFO = NO;
				SDKROOT = iphoneos;
				VALIDATE_PRODUCT = YES;
			};
			name = Release;
		};
		7BAEDB2C1C63E50500E4F12D /* Debug */ = {
			isa = XCBuildConfiguration;
			buildSettings = {
				ASSETCATALOG_COMPILER_APPICON_NAME = AppIcon;
				INFOPLIST_FILE = mylittlemonster/Info.plist;
				LD_RUNPATH_SEARCH_PATHS = "$(inherited) @executable_path/Frameworks";
				PRODUCT_BUNDLE_IDENTIFIER = com.butterfly.mylittlemonster;
				PRODUCT_NAME = "$(TARGET_NAME)";
				TARGETED_DEVICE_FAMILY = "1,2";
			};
			name = Debug;
		};
		7BAEDB2D1C63E50500E4F12D /* Release */ = {
			isa = XCBuildConfiguration;
			buildSettings = {
				ASSETCATALOG_COMPILER_APPICON_NAME = AppIcon;
				INFOPLIST_FILE = mylittlemonster/Info.plist;
				LD_RUNPATH_SEARCH_PATHS = "$(inherited) @executable_path/Frameworks";
				PRODUCT_BUNDLE_IDENTIFIER = com.butterfly.mylittlemonster;
				PRODUCT_NAME = "$(TARGET_NAME)";
				TARGETED_DEVICE_FAMILY = "1,2";
			};
			name = Release;
		};
/* End XCBuildConfiguration section */

/* Begin XCConfigurationList section */
		7BAEDB141C63E50400E4F12D /* Build configuration list for PBXProject "mylittlemonster" */ = {
			isa = XCConfigurationList;
			buildConfigurations = (
				7BAEDB291C63E50500E4F12D /* Debug */,
				7BAEDB2A1C63E50500E4F12D /* Release */,
			);
			defaultConfigurationIsVisible = 0;
			defaultConfigurationName = Release;
		};
		7BAEDB2B1C63E50500E4F12D /* Build configuration list for PBXNativeTarget "mylittlemonster" */ = {
			isa = XCConfigurationList;
			buildConfigurations = (
				7BAEDB2C1C63E50500E4F12D /* Debug */,
				7BAEDB2D1C63E50500E4F12D /* Release */,
			);
			defaultConfigurationIsVisible = 0;
			defaultConfigurationName = Release;
		};
/* End XCConfigurationList section */
	};
	rootObject = 7BAEDB111C63E50400E4F12D /* Project object */;
}
